
Microsoft Visual Studio Solution File, Format Version 12.00
# Visual Studio 15
VisualStudioVersion = 15.0.27703.2042
MinimumVisualStudioVersion = 10.0.40219.1
Project("{FAE04EC0-301F-11D3-BF4B-00C04F79EFBC}") = "AvariceSnakeGame", "AvariceSnakeGame\AvariceSnakeGame.csproj", "{E3E72CBA-A577-4B9F-8E4E-76B62F1B3207}"
EndProject
Global
	GlobalSection(SolutionConfigurationPlatforms) = preSolution
		Debug|Any CPU = Debug|Any CPU
		Release|Any CPU = Release|Any CPU
	EndGlobalSection
	GlobalSection(ProjectConfigurationPlatforms) = postSolution
		{E3E72CBA-A577-4B9F-8E4E-76B62F1B3207}.Debug|Any CPU.ActiveCfg = Debug|Any CPU
		{E3E72CBA-A577-4B9F-8E4E-76B62F1B3207}.Debug|Any CPU.Build.0 = Debug|Any CPU
		{E3E72CBA-A577-4B9F-8E4E-76B62F1B3207}.Release|Any CPU.ActiveCfg = Release|Any CPU
		{E3E72CBA-A577-4B9F-8E4E-76B62F1B3207}.Release|Any CPU.Build.0 = Release|Any CPU
	EndGlobalSection
	GlobalSection(SolutionProperties) = preSolution
		HideSolutionNode = FALSE
	EndGlobalSection
	GlobalSection(ExtensibilityGlobals) = postSolution
		SolutionGuid = {153BE99E-A05B-4E2D-A7B6-CB7873B8793A}
	EndGlobalSection
EndGlobal
